version = 1
revision = 3
requires-python = ">=3.12"

[[package]]
name = "confluent-kafka"
version = "2.14.0"
source = { registry = "https://pypi.org/simple" }
sdist = { url = "https://files.pythonhosted.org/packages/40/52/2c71d8e0b2de51076f90cea05342dc9c20fa14ded11992827680db4bbdfa/confluent_kafka-2.14.0.tar.gz", hash = "sha256:34efddfd06766d1153d10a70c23a98f6035e253a906db8ed04cb0249fc3b0fd2", size = 287868, upload-time = "2026-04-02T11:28:57.862Z" }
wheels = [
    { url = "https://files.pythonhosted.org/packages/12/05/f27091396c1e5fb98844e3e8b114ec7b896d1b54209e796e3946649de2cd/confluent_kafka-2.14.0-cp312-cp312-macosx_10_9_x86_64.whl", hash = "sha256:737b63f2389c9d63f3da0923681aa95abad1cb2f96b10f38192ef19ab727c883", size = 3650743, upload-time = "2026-04-02T11:28:07.697Z" },
    { url = "https://files.pythonhosted.org/packages/9e/49/b9de672412c4290b4719f99ac17b31ff35c64b221e4961a3047f6c1f334f/confluent_kafka-2.14.0-cp312-cp312-macosx_11_0_arm64.whl", hash = "sha256:1610aa31880c874bfa3351d898d6e6cdbfab2a0f9443598fd64425bbc815cb06", size = 3207894, upload-time = "2026-04-02T11:28:09.813Z" },
    { url = "https://files.pythonhosted.org/packages/fb/b6/d892b50a48bbd95e8937d557baf89ffa07fc48bc27f792141476a004334d/confluent_kafka-2.14.0-cp312-cp312-manylinux_2_28_aarch64.whl", hash = "sha256:9cca8929bbc3d68a3299b21239c48def860f04e4661c7a59efe3104ecaea0e08", size = 3739440, upload-time = "2026-04-02T11:28:11.595Z" },
    { url = "https://files.pythonhosted.org/packages/f2/27/04d0f106820219e2621cf9e9a3ab49e910b7a19e55a72a21768b82031a85/confluent_kafka-2.14.0-cp312-cp312-manylinux_2_28_x86_64.whl", hash = "sha256:4d2e4718371c06579f649835239d1acf6ab5386a88f70e9cb9b839855c83c4a9", size = 3995763, upload-time = "2026-04-02T11:28:14.46Z" },
    { url = "https://files.pythonhosted.org/packages/64/d9/46258cefee841d65dda31d20ce61d12f7573e07ef8d26f49169edfd0b0fa/confluent_kafka-2.14.0-cp312-cp312-win_amd64.whl", hash = "sha256:c37aff51512e817316edd6eafa8a2e59745052a7d1e61e09931b1caa11803266", size = 4112399, upload-time = "2026-04-02T11:28:16.264Z" },
    { url = "https://files.pythonhosted.org/packages/26/a3/13ca4b42c580cb8e8d4bc0711467c7c501573f0133dcaf1ed6d7e34abb42/confluent_kafka-2.14.0-cp313-cp313-macosx_13_0_arm64.whl", hash = "sha256:a6dc0e49e8ac99854bd89ec7ac16c54af4488c7617baa633e615320dfbe44b25", size = 3212698, upload-time = "2026-04-02T11:28:18.351Z" },
    { url = "https://files.pythonhosted.org/packages/27/f6/3b4744a8d1b7714500e830a615671d27f76bf64c15966740cc6ee1c960f7/confluent_kafka-2.14.0-cp313-cp313-macosx_13_0_x86_64.whl", hash = "sha256:308c972b23f44e4d0eb3e76b987872c9a7d04148a5a4f29313bbbec3841d75b4", size = 3654148, upload-time = "2026-04-02T11:28:20.532Z" },
    { url = "https://files.pythonhosted.org/packages/48/9b/928775785983a2840c1944a689308e346badb2475765030f8e2a0db21f7a/confluent_kafka-2.14.0-cp313-cp313-manylinux_2_28_aarch64.whl", hash = "sha256:9b0acf2fffa19a6ffc2d6f0b82f3b7f1771f5d3943312438f3532ae69b6f2e83", size = 3739774, upload-time = "2026-04-02T11:28:22.283Z" },
    { url = "https://files.pythonhosted.org/packages/c7/37/c2d7a24f0c12673c763b25c2b32defe3b47b8458ad54befd842b6a3a0cde/confluent_kafka-2.14.0-cp313-cp313-manylinux_2_28_x86_64.whl", hash = "sha256:0023a941dbd8a2325e9e0d13ed1b2236c7d4ff3279b3d99cf06cf1409ab26d22", size = 3996169, upload-time = "2026-04-02T11:28:24.639Z" },
    { url = "https://files.pythonhosted.org/packages/be/fe/4c2e517a404110adbb5b560dafb5d0b3ba36c2af47d52b5508c90f65d5b0/confluent_kafka-2.14.0-cp313-cp313-win_amd64.whl", hash = "sha256:3da898df3ebb866f61312365e9108cbadcfe74fb73af8d03add856542e715cfe", size = 4172080, upload-time = "2026-04-02T11:28:26.801Z" },
    { url = "https://files.pythonhosted.org/packages/f8/07/e217beea9a543c53484144164db337b33ec7f95912cc76f09f03fbc6ee7f/confluent_kafka-2.14.0-cp314-cp314-macosx_13_0_arm64.whl", hash = "sha256:05bbf9745cadb1a6fd3b03508572d2cd5455d8d9960a437537ddac9d3f89ee49", size = 3212541, upload-time = "2026-04-02T11:28:28.882Z" },
    { url = "https://files.pythonhosted.org/packages/5c/73/cbb44df7afa3ac8746e0ebc37be5f457d0e91e32648c144226da26c5f682/confluent_kafka-2.14.0-cp314-cp314-macosx_13_0_x86_64.whl", hash = "sha256:32a72ff85d7b4428532aa477b8dfa4223a5c69f4e90fecaa64e1924cc99a06b6", size = 3653993, upload-time = "2026-04-02T11:28:31.042Z" },
    { url = "https://files.pythonhosted.org/packages/ae/49/49d9e62ff70a06e68c96dd65d8e621583e6b51682ccc08051ec585bfdf96/confluent_kafka-2.14.0-cp314-cp314-manylinux_2_28_aarch64.whl", hash = "sha256:4fd75d53e0e36f7ff9c5454f7a3cf4a54790db3bfda169c3b582ddc97111f6f6", size = 3739535, upload-time = "2026-04-02T11:28:32.844Z" },
    { url = "https://files.pythonhosted.org/packages/33/6a/df467787418c24e063ed0c19e96aedf05c26eabc32d8adc75235d45d830b/confluent_kafka-2.14.0-cp314-cp314-manylinux_2_28_x86_64.whl", hash = "sha256:eb17528ec7b177ec5e38214852f3dadb5d77172e0fb25c7c992c0cbc3dcfbaa2", size = 3995845, upload-time = "2026-04-02T11:28:34.538Z" },
    { url = "https://files.pythonhosted.org/packages/f0/0a/c5ce2a48ece0ae2dd050ab28d4cd81b9efc610276a4e72f622582f5371d3/confluent_kafka-2.14.0-cp314-cp314-win_amd64.whl", hash = "sha256:578afb532ded604cb98174a14a88847367191bcbe4f52a1661f5238dc5cf75dd", size = 4290326, upload-time = "2026-04-02T11:28:36.679Z" },
]

[[package]]
name = "kafka-python"
version = "2.3.1"
source = { registry = "https://pypi.org/simple" }
sdist = { url = "https://files.pythonhosted.org/packages/a4/98/cbecbe20ec9e4e6f978c42229e7c777f498eec5061f986b4acfa34a7ec46/kafka_python-2.3.1.tar.gz", hash = "sha256:90f1caa12d8faa9fd059852b0c73adf169b979279aa2e3ff370f9fe615d654b6", size = 357302, upload-time = "2026-04-09T21:10:22.861Z" }
wheels = [
    { url = "https://files.pythonhosted.org/packages/78/83/6f79b5e03f7d259cba60d3e48c97f7b76a86d20486a515e8ffadea97434e/kafka_python-2.3.1-py2.py3-none-any.whl", hash = "sha256:4908865da9e57f0f966a83788c71cb0ae91c33451a26ab6e6984a00b15c6ed71", size = 326065, upload-time = "2026-04-09T21:10:24.685Z" },
]

[[package]]
name = "kafka-version-3"
version = "0.1.0"
source = { virtual = "." }
dependencies = [
    { name = "confluent-kafka" },
    { name = "kafka-python" },
    { name = "psutil" },
]

[package.optional-dependencies]
resilience = [
    { name = "prometheus-client" },
    { name = "pybreaker" },
    { name = "tenacity" },
]

[package.metadata]
requires-dist = [
    { name = "confluent-kafka", specifier = ">=2.6.0" },
    { name = "kafka-python", specifier = ">=2.0.2" },
    { name = "prometheus-client", marker = "extra == 'resilience'", specifier = ">=0.20.0" },
    { name = "psutil", specifier = ">=5.9.0" },
    { name = "pybreaker", marker = "extra == 'resilience'", specifier = ">=1.4.0" },
    { name = "tenacity", marker = "extra == 'resilience'", specifier = ">=9.0.0" },
]
provides-extras = ["resilience"]

[[package]]
name = "prometheus-client"
version = "0.25.0"
source = { registry = "https://pypi.org/simple" }
sdist = { url = "https://files.pythonhosted.org/packages/1b/fb/d9aa83ffe43ce1f19e557c0971d04b90561b0cfd50762aafb01968285553/prometheus_client-0.25.0.tar.gz", hash = "sha256:5e373b75c31afb3c86f1a52fa1ad470c9aace18082d39ec0d2f918d11cc9ba28", size = 86035, upload-time = "2026-04-09T19:53:42.359Z" }
wheels = [
    { url = "https://files.pythonhosted.org/packages/8d/9b/d4b1e644385499c8346fa9b622a3f030dce14cd6ef8a1871c221a17a67e7/prometheus_client-0.25.0-py3-none-any.whl", hash = "sha256:d5aec89e349a6ec230805d0df882f3807f74fd6c1a2fa86864e3c2279059fed1", size = 64154, upload-time = "2026-04-09T19:53:41.324Z" },
]

[[package]]
name = "psutil"
version = "7.2.2"
source = { registry = "https://pypi.org/simple" }
sdist = { url = "https://files.pythonhosted.org/packages/aa/c6/d1ddf4abb55e93cebc4f2ed8b5d6dbad109ecb8d63748dd2b20ab5e57ebe/psutil-7.2.2.tar.gz", hash = "sha256:0746f5f8d406af344fd547f1c8daa5f5c33dbc293bb8d6a16d80b4bb88f59372", size = 493740, upload-time = "2026-01-28T18:14:54.428Z" }
wheels = [
    { url = "https://files.pythonhosted.org/packages/51/08/510cbdb69c25a96f4ae523f733cdc963ae654904e8db864c07585ef99875/psutil-7.2.2-cp313-cp313t-macosx_10_13_x86_64.whl", hash = "sha256:2edccc433cbfa046b980b0df0171cd25bcaeb3a68fe9022db0979e7aa74a826b", size = 130595, upload-time = "2026-01-28T18:14:57.293Z" },
    { url = "https://files.pythonhosted.org/packages/d6/f5/97baea3fe7a5a9af7436301f85490905379b1c6f2dd51fe3ecf24b4c5fbf/psutil-7.2.2-cp313-cp313t-macosx_11_0_arm64.whl", hash = "sha256:e78c8603dcd9a04c7364f1a3e670cea95d51ee865e4efb3556a3a63adef958ea", size = 131082, upload-time = "2026-01-28T18:14:59.732Z" },
    { url = "https://files.pythonhosted.org/packages/37/d6/246513fbf9fa174af531f28412297dd05241d97a75911ac8febefa1a53c6/psutil-7.2.2-cp313-cp313t-manylinux2010_x86_64.manylinux_2_12_x86_64.manylinux_2_28_x86_64.whl", hash = "sha256:1a571f2330c966c62aeda00dd24620425d4b0cc86881c89861fbc04549e5dc63", size = 181476, upload-time = "2026-01-28T18:15:01.884Z" },
    { url = "https://files.pythonhosted.org/packages/b8/b5/9182c9af3836cca61696dabe4fd1304e17bc56cb62f17439e1154f225dd3/psutil-7.2.2-cp313-cp313t-manylinux2014_aarch64.manylinux_2_17_aarch64.manylinux_2_28_aarch64.whl", hash = "sha256:917e891983ca3c1887b4ef36447b1e0873e70c933afc831c6b6da078ba474312", size = 184062, upload-time = "2026-01-28T18:15:04.436Z" },
    { url = "https://files.pythonhosted.org/packages/16/ba/0756dca669f5a9300d0cbcbfae9a4c30e446dfc7440ffe43ded5724bfd93/psutil-7.2.2-cp313-cp313t-win_amd64.whl", hash = "sha256:ab486563df44c17f5173621c7b198955bd6b613fb87c71c161f827d3fb149a9b", size = 139893, upload-time = "2026-01-28T18:15:06.378Z" },
    { url = "https://files.pythonhosted.org/packages/1c/61/8fa0e26f33623b49949346de05ec1ddaad02ed8ba64af45f40a147dbfa97/psutil-7.2.2-cp313-cp313t-win_arm64.whl", hash = "sha256:ae0aefdd8796a7737eccea863f80f81e468a1e4cf14d926bd9b6f5f2d5f90ca9", size = 135589, upload-time = "2026-01-28T18:15:08.03Z" },
    { url = "https://files.pythonhosted.org/packages/81/69/ef179ab5ca24f32acc1dac0c247fd6a13b501fd5534dbae0e05a1c48b66d/psutil-7.2.2-cp314-cp314t-macosx_10_15_x86_64.whl", hash = "sha256:eed63d3b4d62449571547b60578c5b2c4bcccc5387148db46e0c2313dad0ee00", size = 130664, upload-time = "2026-01-28T18:15:09.469Z" },
    { url = "https://files.pythonhosted.org/packages/7b/64/665248b557a236d3fa9efc378d60d95ef56dd0a490c2cd37dafc7660d4a9/psutil-7.2.2-cp314-cp314t-macosx_11_0_arm64.whl", hash = "sha256:7b6d09433a10592ce39b13d7be5a54fbac1d1228ed29abc880fb23df7cb694c9", size = 131087, upload-time = "2026-01-28T18:15:11.724Z" },
    { url = "https://files.pythonhosted.org/packages/d5/2e/e6782744700d6759ebce3043dcfa661fb61e2fb752b91cdeae9af12c2178/psutil-7.2.2-cp314-cp314t-manylinux2010_x86_64.manylinux_2_12_x86_64.manylinux_2_28_x86_64.whl", hash = "sha256:1fa4ecf83bcdf6e6c8f4449aff98eefb5d0604bf88cb883d7da3d8d2d909546a", size = 182383, upload-time = "2026-01-28T18:15:13.445Z" },
    { url = "https://files.pythonhosted.org/packages/57/49/0a41cefd10cb7505cdc04dab3eacf24c0c2cb158a998b8c7b1d27ee2c1f5/psutil-7.2.2-cp314-cp314t-manylinux2014_aarch64.manylinux_2_17_aarch64.manylinux_2_28_aarch64.whl", hash = "sha256:e452c464a02e7dc7822a05d25db4cde564444a67e58539a00f929c51eddda0cf", size = 185210, upload-time = "2026-01-28T18:15:16.002Z" },
    { url = "https://files.pythonhosted.org/packages/dd/2c/ff9bfb544f283ba5f83ba725a3c5fec6d6b10b8f27ac1dc641c473dc390d/psutil-7.2.2-cp314-cp314t-win_amd64.whl", hash = "sha256:c7663d4e37f13e884d13994247449e9f8f574bc4655d509c3b95e9ec9e2b9dc1", size = 141228, upload-time = "2026-01-28T18:15:18.385Z" },
    { url = "https://files.pythonhosted.org/packages/f2/fc/f8d9c31db14fcec13748d373e668bc3bed94d9077dbc17fb0eebc073233c/psutil-7.2.2-cp314-cp314t-win_arm64.whl", hash = "sha256:11fe5a4f613759764e79c65cf11ebdf26e33d6dd34336f8a337aa2996d71c841", size = 136284, upload-time = "2026-01-28T18:15:19.912Z" },
    { url = "https://files.pythonhosted.org/packages/e7/36/5ee6e05c9bd427237b11b3937ad82bb8ad2752d72c6969314590dd0c2f6e/psutil-7.2.2-cp36-abi3-macosx_10_9_x86_64.whl", hash = "sha256:ed0cace939114f62738d808fdcecd4c869222507e266e574799e9c0faa17d486", size = 129090, upload-time = "2026-01-28T18:15:22.168Z" },
    { url = "https://files.pythonhosted.org/packages/80/c4/f5af4c1ca8c1eeb2e92ccca14ce8effdeec651d5ab6053c589b074eda6e1/psutil-7.2.2-cp36-abi3-macosx_11_0_arm64.whl", hash = "sha256:1a7b04c10f32cc88ab39cbf606e117fd74721c831c98a27dc04578deb0c16979", size = 129859, upload-time = "2026-01-28T18:15:23.795Z" },
    { url = "https://files.pythonhosted.org/packages/b5/70/5d8df3b09e25bce090399cf48e452d25c935ab72dad19406c77f4e828045/psutil-7.2.2-cp36-abi3-manylinux2010_x86_64.manylinux_2_12_x86_64.manylinux_2_28_x86_64.whl", hash = "sha256:076a2d2f923fd4821644f5ba89f059523da90dc9014e85f8e45a5774ca5bc6f9", size = 155560, upload-time = "2026-01-28T18:15:25.976Z" },
    { url = "https://files.pythonhosted.org/packages/63/65/37648c0c158dc222aba51c089eb3bdfa238e621674dc42d48706e639204f/psutil-7.2.2-cp36-abi3-manylinux2014_aarch64.manylinux_2_17_aarch64.manylinux_2_28_aarch64.whl", hash = "sha256:b0726cecd84f9474419d67252add4ac0cd9811b04d61123054b9fb6f57df6e9e", size = 156997, upload-time = "2026-01-28T18:15:27.794Z" },
    { url = "https://files.pythonhosted.org/packages/8e/13/125093eadae863ce03c6ffdbae9929430d116a246ef69866dad94da3bfbc/psutil-7.2.2-cp36-abi3-musllinux_1_2_aarch64.whl", hash = "sha256:fd04ef36b4a6d599bbdb225dd1d3f51e00105f6d48a28f006da7f9822f2606d8", size = 148972, upload-time = "2026-01-28T18:15:29.342Z" },
    { url = "https://files.pythonhosted.org/packages/04/78/0acd37ca84ce3ddffaa92ef0f571e073faa6d8ff1f0559ab1272188ea2be/psutil-7.2.2-cp36-abi3-musllinux_1_2_x86_64.whl", hash = "sha256:b58fabe35e80b264a4e3bb23e6b96f9e45a3df7fb7eed419ac0e5947c61e47cc", size = 148266, upload-time = "2026-01-28T18:15:31.597Z" },
    { url = "https://files.pythonhosted.org/packages/b4/90/e2159492b5426be0c1fef7acba807a03511f97c5f86b3caeda6ad92351a7/psutil-7.2.2-cp37-abi3-win_amd64.whl", hash = "sha256:eb7e81434c8d223ec4a219b5fc1c47d0417b12be7ea866e24fb5ad6e84b3d988", size = 137737, upload-time = "2026-01-28T18:15:33.849Z" },
    { url = "https://files.pythonhosted.org/packages/8c/c7/7bb2e321574b10df20cbde462a94e2b71d05f9bbda251ef27d104668306a/psutil-7.2.2-cp37-abi3-win_arm64.whl", hash = "sha256:8c233660f575a5a89e6d4cb65d9f938126312bca76d8fe087b947b3a1aaac9ee", size = 134617, upload-time = "2026-01-28T18:15:36.514Z" },
]

[[package]]
name = "pybreaker"
version = "1.4.1"
source = { registry = "https://pypi.org/simple" }
sdist = { url = "https://files.pythonhosted.org/packages/f2/89/fbf98e383f1ec6d117af2cd983efdb3eb7018b63834c427025764194cac2/pybreaker-1.4.1.tar.gz", hash = "sha256:8df2d245c73ba40c8242c56ffb4f12138fbadc23e296224740c2028ea9dc1178", size = 15555, upload-time = "2025-09-21T15:12:04.499Z" }
wheels = [
    { url = "https://files.pythonhosted.org/packages/44/75/e64d3d40a741e2be21d69154f4e5c43a66f0c603c5ef11f49e01429a5932/pybreaker-1.4.1-py3-none-any.whl", hash = "sha256:b4dab4a05195b7f2a64a6c1a6c4ba7a96534ef56ea7210e6bcb59f28897160e0", size = 12915, upload-time = "2025-09-21T15:12:02.284Z" },
]

[[package]]
name = "tenacity"
version = "9.1.4"
source = { registry = "https://pypi.org/simple" }
sdist = { url = "https://files.pythonhosted.org/packages/47/c6/ee486fd809e357697ee8a44d3d69222b344920433d3b6666ccd9b374630c/tenacity-9.1.4.tar.gz", hash = "sha256:adb31d4c263f2bd041081ab33b498309a57c77f9acf2db65aadf0898179cf93a", size = 49413, upload-time = "2026-02-07T10:45:33.841Z" }
wheels = [
    { url = "https://files.pythonhosted.org/packages/d7/c1/eb8f9debc45d3b7918a32ab756658a0904732f75e555402972246b0b8e71/tenacity-9.1.4-py3-none-any.whl", hash = "sha256:6095a360c919085f28c6527de529e76a06ad89b23659fa881ae0649b867a9d55", size = 28926, upload-time = "2026-02-07T10:45:32.24Z" },
]
